
Microsoft Visual Studio Solution File, Format Version 12.00
# Visual Studio 14
VisualStudioVersion = 14.0.23107.0
MinimumVisualStudioVersion = 10.0.40219.1
Project("{FAE04EC0-301F-11D3-BF4B-00C04F79EFBC}") = "T7 Operating Systems Lab1", "T7 Operating Systems Lab1\T7 Operating Systems Lab1.csproj", "{BDE444B1-0DB4-4327-BED1-BC252303BB59}"
EndProject
Global
	GlobalSection(SolutionConfigurationPlatforms) = preSolution
		Debug|Any CPU = Debug|Any CPU
		Release|Any CPU = Release|Any CPU
	EndGlobalSection
	GlobalSection(ProjectConfigurationPlatforms) = postSolution
		{BDE444B1-0DB4-4327-BED1-BC252303BB59}.Debug|Any CPU.ActiveCfg = Debug|Any CPU
		{BDE444B1-0DB4-4327-BED1-BC252303BB59}.Debug|Any CPU.Build.0 = Debug|Any CPU
		{BDE444B1-0DB4-4327-BED1-BC252303BB59}.Release|Any CPU.ActiveCfg = Release|Any CPU
		{BDE444B1-0DB4-4327-BED1-BC252303BB59}.Release|Any CPU.Build.0 = Release|Any CPU
	EndGlobalSection
	GlobalSection(SolutionProperties) = preSolution
		HideSolutionNode = FALSE
	EndGlobalSection
EndGlobal
